
Microsoft Visual Studio Solution File, Format Version 12.00
# Visual Studio 2013
VisualStudioVersion = 12.0.21005.1
MinimumVisualStudioVersion = 10.0.40219.1
Project("{FAE04EC0-301F-11D3-BF4B-00C04F79EFBC}") = "Proseso", "Proseso\Proseso.csproj", "{9917D69D-166C-4E48-BDCF-54A1B9DB224F}"
EndProject
Project("{FAE04EC0-301F-11D3-BF4B-00C04F79EFBC}") = "Proseso.Tests", "Proseso.Tests\Proseso.Tests.csproj", "{BC47742E-6503-448E-B688-49B30863C47D}"
EndProject
Global
	GlobalSection(SolutionConfigurationPlatforms) = preSolution
		Debug|Any CPU = Debug|Any CPU
		Release|Any CPU = Release|Any CPU
	EndGlobalSection
	GlobalSection(ProjectConfigurationPlatforms) = postSolution
		{9917D69D-166C-4E48-BDCF-54A1B9DB224F}.Debug|Any CPU.ActiveCfg = Debug|Any CPU
		{9917D69D-166C-4E48-BDCF-54A1B9DB224F}.Debug|Any CPU.Build.0 = Debug|Any CPU
		{9917D69D-166C-4E48-BDCF-54A1B9DB224F}.Release|Any CPU.ActiveCfg = Release|Any CPU
		{9917D69D-166C-4E48-BDCF-54A1B9DB224F}.Release|Any CPU.Build.0 = Release|Any CPU
		{BC47742E-6503-448E-B688-49B30863C47D}.Debug|Any CPU.ActiveCfg = Debug|Any CPU
		{BC47742E-6503-448E-B688-49B30863C47D}.Debug|Any CPU.Build.0 = Debug|Any CPU
		{BC47742E-6503-448E-B688-49B30863C47D}.Release|Any CPU.ActiveCfg = Release|Any CPU
		{BC47742E-6503-448E-B688-49B30863C47D}.Release|Any CPU.Build.0 = Release|Any CPU
	EndGlobalSection
	GlobalSection(SolutionProperties) = preSolution
		HideSolutionNode = FALSE
	EndGlobalSection
EndGlobal
